
Microsoft Visual Studio Solution File, Format Version 12.00
# Visual Studio Version 17
VisualStudioVersion = 17.8.34322.80
MinimumVisualStudioVersion = 10.0.40219.1
Project("{FAE04EC0-301F-11D3-BF4B-00C04F79EFBC}") = "PicoProfiler", "PicoProfiler\PicoProfiler.csproj", "{156E401D-5189-4AAB-BC89-A9C788769E79}"
EndProject
Project("{FAE04EC0-301F-11D3-BF4B-00C04F79EFBC}") = "PicoProfiler.Logging", "PicoProfiler.Logging\PicoProfiler.Logging.csproj", "{BF1AB0BF-81E5-404A-A315-14002F534D68}"
EndProject
Project("{FAE04EC0-301F-11D3-BF4B-00C04F79EFBC}") = "PicoProfiler.Tests", "PicoProfiler.Tests\PicoProfiler.Tests.csproj", "{2097D0A3-D346-4E80-AF04-0B15E8BF12E3}"
EndProject
Global
	GlobalSection(SolutionConfigurationPlatforms) = preSolution
		Debug|Any CPU = Debug|Any CPU
		Release|Any CPU = Release|Any CPU
	EndGlobalSection
	GlobalSection(ProjectConfigurationPlatforms) = postSolution
		{156E401D-5189-4AAB-BC89-A9C788769E79}.Debug|Any CPU.ActiveCfg = Debug|Any CPU
		{156E401D-5189-4AAB-BC89-A9C788769E79}.Debug|Any CPU.Build.0 = Debug|Any CPU
		{156E401D-5189-4AAB-BC89-A9C788769E79}.Release|Any CPU.ActiveCfg = Release|Any CPU
		{156E401D-5189-4AAB-BC89-A9C788769E79}.Release|Any CPU.Build.0 = Release|Any CPU
		{BF1AB0BF-81E5-404A-A315-14002F534D68}.Debug|Any CPU.ActiveCfg = Debug|Any CPU
		{BF1AB0BF-81E5-404A-A315-14002F534D68}.Debug|Any CPU.Build.0 = Debug|Any CPU
		{BF1AB0BF-81E5-404A-A315-14002F534D68}.Release|Any CPU.ActiveCfg = Release|Any CPU
		{BF1AB0BF-81E5-404A-A315-14002F534D68}.Release|Any CPU.Build.0 = Release|Any CPU
		{2097D0A3-D346-4E80-AF04-0B15E8BF12E3}.Debug|Any CPU.ActiveCfg = Debug|Any CPU
		{2097D0A3-D346-4E80-AF04-0B15E8BF12E3}.Debug|Any CPU.Build.0 = Debug|Any CPU
		{2097D0A3-D346-4E80-AF04-0B15E8BF12E3}.Release|Any CPU.ActiveCfg = Release|Any CPU
		{2097D0A3-D346-4E80-AF04-0B15E8BF12E3}.Release|Any CPU.Build.0 = Release|Any CPU
	EndGlobalSection
	GlobalSection(SolutionProperties) = preSolution
		HideSolutionNode = FALSE
	EndGlobalSection
	GlobalSection(ExtensibilityGlobals) = postSolution
		SolutionGuid = {5061EFFF-A608-4DF5-8E6F-19D3A0920306}
	EndGlobalSection
EndGlobal
